# THIS IS AN AUTOGENERATED FILE. DO NOT EDIT THIS FILE DIRECTLY.
# yarn lockfile v1


slugify@^1.4.7:
  version "1.4.7"
  resolved "https://registry.yarnpkg.com/slugify/-/slugify-1.4.7.tgz#e42359d505afd84a44513280868e31202a79a628"
  integrity sha512-tf+h5W1IrjNm/9rKKj0JU2MDMruiopx0jjVA5zCdBtcGjfp0+c5rHw/zADLC3IeKlGHtVbHtpfzvYA0OYT+HKg==
